hash: 9330a377ad755a8733ef829772f8352dfd40297b6c73bc5cab9f21ca69c79bf3
updated: 2018-11-28T22:03:13.368755746+08:00
imports:
- name: github.com/jinzhu/gorm
  version: 472c70caa40267cb89fd8facb07fe6454b578626
- name: github.com/labstack/echo
  version: 4256489c0e1ff50bdb71aedd1a21483fe2d67607
testImports: []
